
Microsoft Visual Studio Solution File, Format Version 12.00
# Visual Studio 15
VisualStudioVersion = 15.0.28307.1082
MinimumVisualStudioVersion = 10.0.40219.1
Project("{FAE04EC0-301F-11D3-BF4B-00C04F79EFBC}") = "MyHR", "MyHR\MyHR.csproj", "{11757FCA-1160-445A-B4A8-0C93D9A2328B}"
EndProject
Global
	GlobalSection(SolutionConfigurationPlatforms) = preSolution
		Debug|Any CPU = Debug|Any CPU
		Release|Any CPU = Release|Any CPU
	EndGlobalSection
	GlobalSection(ProjectConfigurationPlatforms) = postSolution
		{11757FCA-1160-445A-B4A8-0C93D9A2328B}.Debug|Any CPU.ActiveCfg = Debug|Any CPU
		{11757FCA-1160-445A-B4A8-0C93D9A2328B}.Debug|Any CPU.Build.0 = Debug|Any CPU
		{11757FCA-1160-445A-B4A8-0C93D9A2328B}.Release|Any CPU.ActiveCfg = Release|Any CPU
		{11757FCA-1160-445A-B4A8-0C93D9A2328B}.Release|Any CPU.Build.0 = Release|Any CPU
	EndGlobalSection
	GlobalSection(SolutionProperties) = preSolution
		HideSolutionNode = FALSE
	EndGlobalSection
	GlobalSection(ExtensibilityGlobals) = postSolution
		SolutionGuid = {66977606-1D85-45F8-97E2-BDA893A2809A}
	EndGlobalSection
EndGlobal
